
Microsoft Visual Studio Solution File, Format Version 12.00
# Visual Studio 15
VisualStudioVersion = 15.0.28307.705
MinimumVisualStudioVersion = 10.0.40219.1
Project("{FAE04EC0-301F-11D3-BF4B-00C04F79EFBC}") = "XMLParser", "XMLParser\XMLParser.csproj", "{884D9B92-C30A-4809-9D65-8AA2C631CBDA}"
EndProject
Global
	GlobalSection(SolutionConfigurationPlatforms) = preSolution
		Debug|Any CPU = Debug|Any CPU
		Release|Any CPU = Release|Any CPU
	EndGlobalSection
	GlobalSection(ProjectConfigurationPlatforms) = postSolution
		{884D9B92-C30A-4809-9D65-8AA2C631CBDA}.Debug|Any CPU.ActiveCfg = Debug|Any CPU
		{884D9B92-C30A-4809-9D65-8AA2C631CBDA}.Debug|Any CPU.Build.0 = Debug|Any CPU
		{884D9B92-C30A-4809-9D65-8AA2C631CBDA}.Release|Any CPU.ActiveCfg = Release|Any CPU
		{884D9B92-C30A-4809-9D65-8AA2C631CBDA}.Release|Any CPU.Build.0 = Release|Any CPU
	EndGlobalSection
	GlobalSection(SolutionProperties) = preSolution
		HideSolutionNode = FALSE
	EndGlobalSection
	GlobalSection(ExtensibilityGlobals) = postSolution
		SolutionGuid = {0B4F13D2-33B0-4749-B93C-03173C5FD2EA}
	EndGlobalSection
EndGlobal
